
Microsoft Visual Studio Solution File, Format Version 12.00
# Visual Studio 2013
VisualStudioVersion = 12.0.30723.0
MinimumVisualStudioVersion = 10.0.40219.1
Project("{FAE04EC0-301F-11D3-BF4B-00C04F79EFBC}") = "CorePowerYoges.Models", "CorePowerYoges.Models\CorePowerYoges.Models.csproj", "{27AF592F-0D5B-4DA4-A43E-3CB0A0476DF5}"
EndProject
Project("{FAE04EC0-301F-11D3-BF4B-00C04F79EFBC}") = "CorePowerYoges.DAL", "CorePowerYoges.DAL\CorePowerYoges.DAL.csproj", "{1DD52F56-14F0-4E7D-B7D1-D02E1C814CC2}"
EndProject
Project("{FAE04EC0-301F-11D3-BF4B-00C04F79EFBC}") = "CorePowerYoges.BLL", "CorePowerYoges.BLL\CorePowerYoges.BLL.csproj", "{F7C7E5DB-9600-4627-8ACB-70AB8902D84E}"
EndProject
Project("{FAE04EC0-301F-11D3-BF4B-00C04F79EFBC}") = "CorePowerYoges.Console", "CorePowerYoges.Console\CorePowerYoges.Console.csproj", "{0CFF6402-CC0E-4A35-A53A-29E36FD943F0}"
EndProject
Project("{2150E333-8FDC-42A3-9474-1A3956D46DE8}") = ".nuget", ".nuget", "{A47B6BF0-3BA2-4D8A-A370-2D99C0316268}"
	ProjectSection(SolutionItems) = preProject
		.nuget\NuGet.Config = .nuget\NuGet.Config
		.nuget\NuGet.exe = .nuget\NuGet.exe
		.nuget\NuGet.targets = .nuget\NuGet.targets
	EndProjectSection
EndProject
Project("{FAE04EC0-301F-11D3-BF4B-00C04F79EFBC}") = "CorePowerYoges.WebAPI.Tests", "CorePowerYoges.WebAPI.Tests\CorePowerYoges.WebAPI.Tests.csproj", "{4786A31E-8523-4DD6-BB5C-B6482BC5C4B1}"
EndProject
Project("{FAE04EC0-301F-11D3-BF4B-00C04F79EFBC}") = "CorePowerYoges.Util", "CorePowerYoges.Util\CorePowerYoges.Util.csproj", "{2D35879D-086D-4758-9E45-888D01F0F221}"
EndProject
Project("{FAE04EC0-301F-11D3-BF4B-00C04F79EFBC}") = "CorePowerYoges.WebAPI", "CorePowerYoges.WebAPI\CorePowerYoges.WebAPI.csproj", "{F6F6D6C3-0B67-45ED-A0A9-D1E104266EDF}"
EndProject
Global
	GlobalSection(SolutionConfigurationPlatforms) = preSolution
		Debug|Any CPU = Debug|Any CPU
		Release|Any CPU = Release|Any CPU
	EndGlobalSection
	GlobalSection(ProjectConfigurationPlatforms) = postSolution
		{27AF592F-0D5B-4DA4-A43E-3CB0A0476DF5}.Debug|Any CPU.ActiveCfg = Debug|Any CPU
		{27AF592F-0D5B-4DA4-A43E-3CB0A0476DF5}.Debug|Any CPU.Build.0 = Debug|Any CPU
		{27AF592F-0D5B-4DA4-A43E-3CB0A0476DF5}.Release|Any CPU.ActiveCfg = Release|Any CPU
		{27AF592F-0D5B-4DA4-A43E-3CB0A0476DF5}.Release|Any CPU.Build.0 = Release|Any CPU
		{1DD52F56-14F0-4E7D-B7D1-D02E1C814CC2}.Debug|Any CPU.ActiveCfg = Debug|Any CPU
		{1DD52F56-14F0-4E7D-B7D1-D02E1C814CC2}.Debug|Any CPU.Build.0 = Debug|Any CPU
		{1DD52F56-14F0-4E7D-B7D1-D02E1C814CC2}.Release|Any CPU.ActiveCfg = Release|Any CPU
		{1DD52F56-14F0-4E7D-B7D1-D02E1C814CC2}.Release|Any CPU.Build.0 = Release|Any CPU
		{F7C7E5DB-9600-4627-8ACB-70AB8902D84E}.Debug|Any CPU.ActiveCfg = Debug|Any CPU
		{F7C7E5DB-9600-4627-8ACB-70AB8902D84E}.Debug|Any CPU.Build.0 = Debug|Any CPU
		{F7C7E5DB-9600-4627-8ACB-70AB8902D84E}.Release|Any CPU.ActiveCfg = Release|Any CPU
		{F7C7E5DB-9600-4627-8ACB-70AB8902D84E}.Release|Any CPU.Build.0 = Release|Any CPU
		{0CFF6402-CC0E-4A35-A53A-29E36FD943F0}.Debug|Any CPU.ActiveCfg = Debug|Any CPU
		{0CFF6402-CC0E-4A35-A53A-29E36FD943F0}.Debug|Any CPU.Build.0 = Debug|Any CPU
		{0CFF6402-CC0E-4A35-A53A-29E36FD943F0}.Release|Any CPU.ActiveCfg = Release|Any CPU
		{0CFF6402-CC0E-4A35-A53A-29E36FD943F0}.Release|Any CPU.Build.0 = Release|Any CPU
		{4786A31E-8523-4DD6-BB5C-B6482BC5C4B1}.Debug|Any CPU.ActiveCfg = Debug|Any CPU
		{4786A31E-8523-4DD6-BB5C-B6482BC5C4B1}.Debug|Any CPU.Build.0 = Debug|Any CPU
		{4786A31E-8523-4DD6-BB5C-B6482BC5C4B1}.Release|Any CPU.ActiveCfg = Release|Any CPU
		{4786A31E-8523-4DD6-BB5C-B6482BC5C4B1}.Release|Any CPU.Build.0 = Release|Any CPU
		{2D35879D-086D-4758-9E45-888D01F0F221}.Debug|Any CPU.ActiveCfg = Debug|Any CPU
		{2D35879D-086D-4758-9E45-888D01F0F221}.Debug|Any CPU.Build.0 = Debug|Any CPU
		{2D35879D-086D-4758-9E45-888D01F0F221}.Release|Any CPU.ActiveCfg = Release|Any CPU
		{2D35879D-086D-4758-9E45-888D01F0F221}.Release|Any CPU.Build.0 = Release|Any CPU
		{F6F6D6C3-0B67-45ED-A0A9-D1E104266EDF}.Debug|Any CPU.ActiveCfg = Debug|Any CPU
		{F6F6D6C3-0B67-45ED-A0A9-D1E104266EDF}.Debug|Any CPU.Build.0 = Debug|Any CPU
		{F6F6D6C3-0B67-45ED-A0A9-D1E104266EDF}.Release|Any CPU.ActiveCfg = Release|Any CPU
		{F6F6D6C3-0B67-45ED-A0A9-D1E104266EDF}.Release|Any CPU.Build.0 = Release|Any CPU
	EndGlobalSection
	GlobalSection(SolutionProperties) = preSolution
		HideSolutionNode = FALSE
	EndGlobalSection
EndGlobal
